lockfileVersion: '9.0'

settings:
  autoInstallPeers: true
  excludeLinksFromLockfile: false

importers:

  .:
    devDependencies:
      '@playwright/test':
        specifier: ^1.59.0
        version: 1.59.0
      '@types/node':
        specifier: ^25.5.0
        version: 25.5.0

packages:

  '@playwright/test@1.59.0':
    resolution: {integrity: sha512-TOA5sTLd49rTDaZpYpvCQ9hGefHQq/OYOyCVnGqS2mjMfX+lGZv2iddIJd0I48cfxqSPttS9S3OuLKyylHcO1w==}
    engines: {node: '>=18'}
    hasBin: true

  '@types/node@25.5.0':
    resolution: {integrity: sha512-jp2P3tQMSxWugkCUKLRPVUpGaL5MVFwF8RDuSRztfwgN1wmqJeMSbKlnEtQqU8UrhTmzEmZdu2I6v2dpp7XIxw==}

  fsevents@2.3.2:
    resolution: {integrity: sha512-xiqMQR4xAeHTuB9uWm+fFRcIOgKBMiOBP+eXiyT7jsgVCq1bkVygt00oASowB7EdtpOHaaPgKt812P9ab+DDKA==}
    engines: {node: ^8.16.0 || ^10.6.0 || >=11.0.0}
    os: [darwin]

  playwright-core@1.59.0:
    resolution: {integrity: sha512-PW/X/IoZ6BMUUy8rpwHEZ8Kc0IiLIkgKYGNFaMs5KmQhcfLILNx9yCQD0rnWeWfz1PNeqcFP1BsihQhDOBCwZw==}
    engines: {node: '>=18'}
    hasBin: true

  playwright@1.59.0:
    resolution: {integrity: sha512-wihGScriusvATUxmhfENxg0tj1vHEFeIwxlnPFKQTOQVd7aG08mUfvvniRP/PtQOC+2Bs52kBOC/Up1jTXeIbw==}
    engines: {node: '>=18'}
    hasBin: true

  undici-types@7.18.2:
    resolution: {integrity: sha512-AsuCzffGHJybSaRrmr5eHr81mwJU3kjw6M+uprWvCXiNeN9SOGwQ3Jn8jb8m3Z6izVgknn1R0FTCEAP2QrLY/w==}

snapshots:

  '@playwright/test@1.59.0':
    dependencies:
      playwright: 1.59.0

  '@types/node@25.5.0':
    dependencies:
      undici-types: 7.18.2

  fsevents@2.3.2:
    optional: true

  playwright-core@1.59.0: {}

  playwright@1.59.0:
    dependencies:
      playwright-core: 1.59.0
    optionalDependencies:
      fsevents: 2.3.2

  undici-types@7.18.2: {}
